
Microsoft Visual Studio Solution File, Format Version 12.00
# Visual Studio Version 16
VisualStudioVersion = 16.0.30804.86
MinimumVisualStudioVersion = 10.0.40219.1
Project("{9A19103F-16F7-4668-BE54-9A1E7A4F7556}") = "testingpage", "testingpage\testingpage.csproj", "{A98AA060-6354-403C-A7CE-CE6A7BB4479A}"
EndProject
Global
	GlobalSection(SolutionConfigurationPlatforms) = preSolution
		Debug|Any CPU = Debug|Any CPU
		Release|Any CPU = Release|Any CPU
	EndGlobalSection
	GlobalSection(ProjectConfigurationPlatforms) = postSolution
		{A98AA060-6354-403C-A7CE-CE6A7BB4479A}.Debug|Any CPU.ActiveCfg = Debug|Any CPU
		{A98AA060-6354-403C-A7CE-CE6A7BB4479A}.Debug|Any CPU.Build.0 = Debug|Any CPU
		{A98AA060-6354-403C-A7CE-CE6A7BB4479A}.Release|Any CPU.ActiveCfg = Release|Any CPU
		{A98AA060-6354-403C-A7CE-CE6A7BB4479A}.Release|Any CPU.Build.0 = Release|Any CPU
	EndGlobalSection
	GlobalSection(SolutionProperties) = preSolution
		HideSolutionNode = FALSE
	EndGlobalSection
	GlobalSection(ExtensibilityGlobals) = postSolution
		SolutionGuid = {EFCA8910-241B-42FA-8146-BDFEB6697519}
	EndGlobalSection
EndGlobal
